// !$*UTF8*$!
{
	archiveVersion = 1;
	classes = {
	};
	objectVersion = 51;
	objects = {

/* Begin PBXBuildFile section */
		3E32E0DDA5E4666D485D3A04 /* Pods_yahnTests.framework in Frameworks */ = {isa = PBXBuildFile; fileRef = EC73FF8D856DA7E225FBDCD9 /* Pods_yahnTests.framework */; };
		421D502AC1B7A4201C37AC38 /* Pods_yahn.framework in Frameworks */ = {isa = PBXBuildFile; fileRef = 0E20232EA2FC2E3FB9E76985 /* Pods_yahn.framework */; };
		7494AF7E9BB63829F752DBF4 /* Pods_yahnUITests.framework in Frameworks */ = {isa = PBXBuildFile; fileRef = 6844F5BD27F70C0E2C5801AA /* Pods_yahnUITests.framework */; };
		980A4AC124757E5100148FBD /* AppDelegate.swift in Sources */ = {isa = PBXBuildFile; fileRef = 980A4AC024757E5100148FBD /* AppDelegate.swift */; };
		980A4AC324757E5100148FBD /* SceneDelegate.swift in Sources */ = {isa = PBXBuildFile; fileRef = 980A4AC224757E5100148FBD /* SceneDelegate.swift */; };
		980A4AC724757E5200148FBD /* Assets.xcassets in Resources */ = {isa = PBXBuildFile; fileRef = 980A4AC624757E5200148FBD /* Assets.xcassets */; };
		980A4ACA24757E5200148FBD /* Preview Assets.xcassets in Resources */ = {isa = PBXBuildFile; fileRef = 980A4AC924757E5200148FBD /* Preview Assets.xcassets */; };
		980A4ACD24757E5200148FBD /* LaunchScreen.storyboard in Resources */ = {isa = PBXBuildFile; fileRef = 980A4ACB24757E5200148FBD /* LaunchScreen.storyboard */; };
		980A4AD824757E5300148FBD /* yahnTests.swift in Sources */ = {isa = PBXBuildFile; fileRef = 980A4AD724757E5300148FBD /* yahnTests.swift */; };
		980A4AE324757E5300148FBD /* yahnUITests.swift in Sources */ = {isa = PBXBuildFile; fileRef = 980A4AE224757E5300148FBD /* yahnUITests.swift */; };
		980A4AF224758EB400148FBD /* StoriesView.swift in Sources */ = {isa = PBXBuildFile; fileRef = 980A4AF124758EB400148FBD /* StoriesView.swift */; };
		980A4AF424758ECC00148FBD /* StoriesViewModel.swift in Sources */ = {isa = PBXBuildFile; fileRef = 980A4AF324758ECC00148FBD /* StoriesViewModel.swift */; };
		980A4AF7247590EC00148FBD /* HNWorker.swift in Sources */ = {isa = PBXBuildFile; fileRef = 980A4AF6247590EC00148FBD /* HNWorker.swift */; };
		980A4AFB2475980800148FBD /* StoryView.swift in Sources */ = {isa = PBXBuildFile; fileRef = 980A4AFA2475980800148FBD /* StoryView.swift */; };
		9845446524778C6F00B4AD83 /* Color+Extensions.swift in Sources */ = {isa = PBXBuildFile; fileRef = 9845446424778C6F00B4AD83 /* Color+Extensions.swift */; };
		984544682477950B00B4AD83 /* SecondaryButtonStyle.swift in Sources */ = {isa = PBXBuildFile; fileRef = 984544672477950B00B4AD83 /* SecondaryButtonStyle.swift */; };
		9845446C24779C8400B4AD83 /* SafariView.swift in Sources */ = {isa = PBXBuildFile; fileRef = 9845446B24779C8400B4AD83 /* SafariView.swift */; };
		988A63552476C9B900FFDC6B /* Story.swift in Sources */ = {isa = PBXBuildFile; fileRef = 988A63542476C9B900FFDC6B /* Story.swift */; };
		98905BA224798CC8003BB6C6 /* CommentsView.swift in Sources */ = {isa = PBXBuildFile; fileRef = 98905BA124798CC8003BB6C6 /* CommentsView.swift */; };
		98905BA424798D6E003BB6C6 /* CommentsViewModel.swift in Sources */ = {isa = PBXBuildFile; fileRef = 98905BA324798D6E003BB6C6 /* CommentsViewModel.swift */; };
		98905BA624798EBD003BB6C6 /* Comment.swift in Sources */ = {isa = PBXBuildFile; fileRef = 98905BA524798EBD003BB6C6 /* Comment.swift */; };
		98905BA824799443003BB6C6 /* CommentView.swift in Sources */ = {isa = PBXBuildFile; fileRef = 98905BA724799443003BB6C6 /* CommentView.swift */; };
		98905BAA2479FD92003BB6C6 /* HeaderView.swift in Sources */ = {isa = PBXBuildFile; fileRef = 98905BA92479FD92003BB6C6 /* HeaderView.swift */; };
/* End PBXBuildFile section */

/* Begin PBXContainerItemProxy section */
		980A4AD424757E5300148FBD /* PBXContainerItemProxy */ = {
			isa = PBXContainerItemProxy;
			containerPortal = 980A4AB524757E5100148FBD /* Project object */;
			proxyType = 1;
			remoteGlobalIDString = 980A4ABC24757E5100148FBD;
			remoteInfo = yahn;
		};
		980A4ADF24757E5300148FBD /* PBXContainerItemProxy */ = {
			isa = PBXContainerItemProxy;
			containerPortal = 980A4AB524757E5100148FBD /* Project object */;
			proxyType = 1;
			remoteGlobalIDString = 980A4ABC24757E5100148FBD;
			remoteInfo = yahn;
		};
/* End PBXContainerItemProxy section */

/* Begin PBXFileReference section */
		0E20232EA2FC2E3FB9E76985 /* Pods_yahn.framework */ = {isa = PBXFileReference; explicitFileType = wrapper.framework; includeInIndex = 0; path = Pods_yahn.framework; sourceTree = BUILT_PRODUCTS_DIR; };
		12A625907A3558557368E579 /* Pods-yahnTests.debug.xcconfig */ = {isa = PBXFileReference; includeInIndex = 1; lastKnownFileType = text.xcconfig; name = "Pods-yahnTests.debug.xcconfig"; path = "Target Support Files/Pods-yahnTests/Pods-yahnTests.debug.xcconfig"; sourceTree = "<group>"; };
		1B2B533A54BE0BF84F1AC0AA /* Pods-yahnTests.release.xcconfig */ = {isa = PBXFileReference; includeInIndex = 1; lastKnownFileType = text.xcconfig; name = "Pods-yahnTests.release.xcconfig"; path = "Target Support Files/Pods-yahnTests/Pods-yahnTests.release.xcconfig"; sourceTree = "<group>"; };
		6844F5BD27F70C0E2C5801AA /* Pods_yahnUITests.framework */ = {isa = PBXFileReference; explicitFileType = wrapper.framework; includeInIndex = 0; path = Pods_yahnUITests.framework; sourceTree = BUILT_PRODUCTS_DIR; };
		980A4ABD24757E5100148FBD /* yahn.app */ = {isa = PBXFileReference; explicitFileType = wrapper.application; includeInIndex = 0; path = yahn.app; sourceTree = BUILT_PRODUCTS_DIR; };
		980A4AC024757E5100148FBD /* AppDelegate.swift */ = {isa = PBXFileReference; lastKnownFileType = sourcecode.swift; path = AppDelegate.swift; sourceTree = "<group>"; };
		980A4AC224757E5100148FBD /* SceneDelegate.swift */ = {isa = PBXFileReference; lastKnownFileType = sourcecode.swift; path = SceneDelegate.swift; sourceTree = "<group>"; };
		980A4AC624757E5200148FBD /* Assets.xcassets */ = {isa = PBXFileReference; lastKnownFileType = folder.assetcatalog; path = Assets.xcassets; sourceTree = "<group>"; };
		980A4AC924757E5200148FBD /* Preview Assets.xcassets */ = {isa = PBXFileReference; lastKnownFileType = folder.assetcatalog; path = "Preview Assets.xcassets"; sourceTree = "<group>"; };
		980A4ACC24757E5200148FBD /* Base */ = {isa = PBXFileReference; lastKnownFileType = file.storyboard; name = Base; path = Base.lproj/LaunchScreen.storyboard; sourceTree = "<group>"; };
		980A4ACE24757E5200148FBD /* Info.plist */ = {isa = PBXFileReference; lastKnownFileType = text.plist.xml; path = Info.plist; sourceTree = "<group>"; };
		980A4AD324757E5300148FBD /* yahnTests.xctest */ = {isa = PBXFileReference; explicitFileType = wrapper.cfbundle; includeInIndex = 0; path = yahnTests.xctest; sourceTree = BUILT_PRODUCTS_DIR; };
		980A4AD724757E5300148FBD /* yahnTests.swift */ = {isa = PBXFileReference; lastKnownFileType = sourcecode.swift; path = yahnTests.swift; sourceTree = "<group>"; };
		980A4AD924757E5300148FBD /* Info.plist */ = {isa = PBXFileReference; lastKnownFileType = text.plist.xml; path = Info.plist; sourceTree = "<group>"; };
		980A4ADE24757E5300148FBD /* yahnUITests.xctest */ = {isa = PBXFileReference; explicitFileType = wrapper.cfbundle; includeInIndex = 0; path = yahnUITests.xctest; sourceTree = BUILT_PRODUCTS_DIR; };
		980A4AE224757E5300148FBD /* yahnUITests.swift */ = {isa = PBXFileReference; lastKnownFileType = sourcecode.swift; path = yahnUITests.swift; sourceTree = "<group>"; };
		980A4AE424757E5300148FBD /* Info.plist */ = {isa = PBXFileReference; lastKnownFileType = text.plist.xml; path = Info.plist; sourceTree = "<group>"; };
		980A4AF124758EB400148FBD /* StoriesView.swift */ = {isa = PBXFileReference; lastKnownFileType = sourcecode.swift; path = StoriesView.swift; sourceTree = "<group>"; };
		980A4AF324758ECC00148FBD /* StoriesViewModel.swift */ = {isa = PBXFileReference; lastKnownFileType = sourcecode.swift; path = StoriesViewModel.swift; sourceTree = "<group>"; };
		980A4AF6247590EC00148FBD /* HNWorker.swift */ = {isa = PBXFileReference; lastKnownFileType = sourcecode.swift; path = HNWorker.swift; sourceTree = "<group>"; };
		980A4AFA2475980800148FBD /* StoryView.swift */ = {isa = PBXFileReference; lastKnownFileType = sourcecode.swift; path = StoryView.swift; sourceTree = "<group>"; };
		9845446424778C6F00B4AD83 /* Color+Extensions.swift */ = {isa = PBXFileReference; lastKnownFileType = sourcecode.swift; path = "Color+Extensions.swift"; sourceTree = "<group>"; };
		984544672477950B00B4AD83 /* SecondaryButtonStyle.swift */ = {isa = PBXFileReference; lastKnownFileType = sourcecode.swift; path = SecondaryButtonStyle.swift; sourceTree = "<group>"; };
		9845446B24779C8400B4AD83 /* SafariView.swift */ = {isa = PBXFileReference; lastKnownFileType = sourcecode.swift; path = SafariView.swift; sourceTree = "<group>"; };
		988A63542476C9B900FFDC6B /* Story.swift */ = {isa = PBXFileReference; lastKnownFileType = sourcecode.swift; path = Story.swift; sourceTree = "<group>"; };
		98905BA124798CC8003BB6C6 /* CommentsView.swift */ = {isa = PBXFileReference; lastKnownFileType = sourcecode.swift; path = CommentsView.swift; sourceTree = "<group>"; };
		98905BA324798D6E003BB6C6 /* CommentsViewModel.swift */ = {isa = PBXFileReference; lastKnownFileType = sourcecode.swift; path = CommentsViewModel.swift; sourceTree = "<group>"; };
		98905BA524798EBD003BB6C6 /* Comment.swift */ = {isa = PBXFileReference; lastKnownFileType = sourcecode.swift; path = Comment.swift; sourceTree = "<group>"; };
		98905BA724799443003BB6C6 /* CommentView.swift */ = {isa = PBXFileReference; lastKnownFileType = sourcecode.swift; path = CommentView.swift; sourceTree = "<group>"; };
		98905BA92479FD92003BB6C6 /* HeaderView.swift */ = {isa = PBXFileReference; lastKnownFileType = sourcecode.swift; path = HeaderView.swift; sourceTree = "<group>"; };
		9CADC085D20E11FD93F98921 /* Pods-yahnUITests.debug.xcconfig */ = {isa = PBXFileReference; includeInIndex = 1; lastKnownFileType = text.xcconfig; name = "Pods-yahnUITests.debug.xcconfig"; path = "Target Support Files/Pods-yahnUITests/Pods-yahnUITests.debug.xcconfig"; sourceTree = "<group>"; };
		ABFDB0E0701BFD98322F6308 /* Pods-yahn.release.xcconfig */ = {isa = PBXFileReference; includeInIndex = 1; lastKnownFileType = text.xcconfig; name = "Pods-yahn.release.xcconfig"; path = "Target Support Files/Pods-yahn/Pods-yahn.release.xcconfig"; sourceTree = "<group>"; };
		C48FE56132D18AF60870F6F3 /* Pods-yahn.debug.xcconfig */ = {isa = PBXFileReference; includeInIndex = 1; lastKnownFileType = text.xcconfig; name = "Pods-yahn.debug.xcconfig"; path = "Target Support Files/Pods-yahn/Pods-yahn.debug.xcconfig"; sourceTree = "<group>"; };
		CB6B3F5545A1642A1463D514 /* Pods-yahnUITests.release.xcconfig */ = {isa = PBXFileReference; includeInIndex = 1; lastKnownFileType = text.xcconfig; name = "Pods-yahnUITests.release.xcconfig"; path = "Target Support Files/Pods-yahnUITests/Pods-yahnUITests.release.xcconfig"; sourceTree = "<group>"; };
		EC73FF8D856DA7E225FBDCD9 /* Pods_yahnTests.framework */ = {isa = PBXFileReference; explicitFileType = wrapper.framework; includeInIndex = 0; path = Pods_yahnTests.framework; sourceTree = BUILT_PRODUCTS_DIR; };
/* End PBXFileReference section */

/* Begin PBXFrameworksBuildPhase section */
		980A4ABA24757E5100148FBD /* Frameworks */ = {
			isa = PBXFrameworksBuildPhase;
			buildActionMask = 2147483647;
			files = (
				421D502AC1B7A4201C37AC38 /* Pods_yahn.framework in Frameworks */,
			);
			runOnlyForDeploymentPostprocessing = 0;
		};
		980A4AD024757E5300148FBD /* Frameworks */ = {
			isa = PBXFrameworksBuildPhase;
			buildActionMask = 2147483647;
			files = (
				3E32E0DDA5E4666D485D3A04 /* Pods_yahnTests.framework in Frameworks */,
			);
			runOnlyForDeploymentPostprocessing = 0;
		};
		980A4ADB24757E5300148FBD /* Frameworks */ = {
			isa = PBXFrameworksBuildPhase;
			buildActionMask = 2147483647;
			files = (
				7494AF7E9BB63829F752DBF4 /* Pods_yahnUITests.framework in Frameworks */,
			);
			runOnlyForDeploymentPostprocessing = 0;
		};
/* End PBXFrameworksBuildPhase section */

/* Begin PBXGroup section */
		603EA478C0ADB0E07BF2B09F /* Frameworks */ = {
			isa = PBXGroup;
			children = (
				0E20232EA2FC2E3FB9E76985 /* Pods_yahn.framework */,
				EC73FF8D856DA7E225FBDCD9 /* Pods_yahnTests.framework */,
				6844F5BD27F70C0E2C5801AA /* Pods_yahnUITests.framework */,
			);
			name = Frameworks;
			sourceTree = "<group>";
		};
		980A4AB424757E5100148FBD = {
			isa = PBXGroup;
			children = (
				980A4ABF24757E5100148FBD /* yahn */,
				980A4AD624757E5300148FBD /* yahnTests */,
				980A4AE124757E5300148FBD /* yahnUITests */,
				980A4ABE24757E5100148FBD /* Products */,
				E788EAB5537C477A127BAD91 /* Pods */,
				603EA478C0ADB0E07BF2B09F /* Frameworks */,
			);
			sourceTree = "<group>";
		};
		980A4ABE24757E5100148FBD /* Products */ = {
			isa = PBXGroup;
			children = (
				980A4ABD24757E5100148FBD /* yahn.app */,
				980A4AD324757E5300148FBD /* yahnTests.xctest */,
				980A4ADE24757E5300148FBD /* yahnUITests.xctest */,
			);
			name = Products;
			sourceTree = "<group>";
		};
		980A4ABF24757E5100148FBD /* yahn */ = {
			isa = PBXGroup;
			children = (
				988A63532476C9A000FFDC6B /* Models */,
				980A4AF9247597F300148FBD /* Scenes */,
				980A4AF8247597EA00148FBD /* Views */,
				98454466247794E300B4AD83 /* Modifiers */,
				980A4AF5247590DC00148FBD /* Workers */,
				9845446324778C5800B4AD83 /* Extensions */,
				980A4AC024757E5100148FBD /* AppDelegate.swift */,
				980A4AC224757E5100148FBD /* SceneDelegate.swift */,
				980A4AC624757E5200148FBD /* Assets.xcassets */,
				980A4ACB24757E5200148FBD /* LaunchScreen.storyboard */,
				980A4ACE24757E5200148FBD /* Info.plist */,
				980A4AC824757E5200148FBD /* Preview Content */,
			);
			path = yahn;
			sourceTree = "<group>";
		};
		980A4AC824757E5200148FBD /* Preview Content */ = {
			isa = PBXGroup;
			children = (
				980A4AC924757E5200148FBD /* Preview Assets.xcassets */,
			);
			path = "Preview Content";
			sourceTree = "<group>";
		};
		980A4AD624757E5300148FBD /* yahnTests */ = {
			isa = PBXGroup;
			children = (
				980A4AD724757E5300148FBD /* yahnTests.swift */,
				980A4AD924757E5300148FBD /* Info.plist */,
			);
			path = yahnTests;
			sourceTree = "<group>";
		};
		980A4AE124757E5300148FBD /* yahnUITests */ = {
			isa = PBXGroup;
			children = (
				980A4AE224757E5300148FBD /* yahnUITests.swift */,
				980A4AE424757E5300148FBD /* Info.plist */,
			);
			path = yahnUITests;
			sourceTree = "<group>";
		};
		980A4AF024758E8A00148FBD /* Stories */ = {
			isa = PBXGroup;
			children = (
				980A4AF124758EB400148FBD /* StoriesView.swift */,
				980A4AF324758ECC00148FBD /* StoriesViewModel.swift */,
			);
			path = Stories;
			sourceTree = "<group>";
		};
		980A4AF5247590DC00148FBD /* Workers */ = {
			isa = PBXGroup;
			children = (
				980A4AF6247590EC00148FBD /* HNWorker.swift */,
			);
			path = Workers;
			sourceTree = "<group>";
		};
		980A4AF8247597EA00148FBD /* Views */ = {
			isa = PBXGroup;
			children = (
				980A4AFA2475980800148FBD /* StoryView.swift */,
				9845446B24779C8400B4AD83 /* SafariView.swift */,
				98905BA724799443003BB6C6 /* CommentView.swift */,
				98905BA92479FD92003BB6C6 /* HeaderView.swift */,
			);
			path = Views;
			sourceTree = "<group>";
		};
		980A4AF9247597F300148FBD /* Scenes */ = {
			isa = PBXGroup;
			children = (
				980A4AF024758E8A00148FBD /* Stories */,
				98905BA024798CB8003BB6C6 /* Comments */,
			);
			path = Scenes;
			sourceTree = "<group>";
		};
		9845446324778C5800B4AD83 /* Extensions */ = {
			isa = PBXGroup;
			children = (
				9845446424778C6F00B4AD83 /* Color+Extensions.swift */,
			);
			path = Extensions;
			sourceTree = "<group>";
		};
		98454466247794E300B4AD83 /* Modifiers */ = {
			isa = PBXGroup;
			children = (
				984544672477950B00B4AD83 /* SecondaryButtonStyle.swift */,
			);
			path = Modifiers;
			sourceTree = "<group>";
		};
		988A63532476C9A000FFDC6B /* Models */ = {
			isa = PBXGroup;
			children = (
				988A63542476C9B900FFDC6B /* Story.swift */,
				98905BA524798EBD003BB6C6 /* Comment.swift */,
			);
			path = Models;
			sourceTree = "<group>";
		};
		98905BA024798CB8003BB6C6 /* Comments */ = {
			isa = PBXGroup;
			children = (
				98905BA124798CC8003BB6C6 /* CommentsView.swift */,
				98905BA324798D6E003BB6C6 /* CommentsViewModel.swift */,
			);
			path = Comments;
			sourceTree = "<group>";
		};
		E788EAB5537C477A127BAD91 /* Pods */ = {
			isa = PBXGroup;
			children = (
				C48FE56132D18AF60870F6F3 /* Pods-yahn.debug.xcconfig */,
				ABFDB0E0701BFD98322F6308 /* Pods-yahn.release.xcconfig */,
				12A625907A3558557368E579 /* Pods-yahnTests.debug.xcconfig */,
				1B2B533A54BE0BF84F1AC0AA /* Pods-yahnTests.release.xcconfig */,
				9CADC085D20E11FD93F98921 /* Pods-yahnUITests.debug.xcconfig */,
				CB6B3F5545A1642A1463D514 /* Pods-yahnUITests.release.xcconfig */,
			);
			path = Pods;
			sourceTree = "<group>";
		};
/* End PBXGroup section */

/* Begin PBXNativeTarget section */
		980A4ABC24757E5100148FBD /* yahn */ = {
			isa = PBXNativeTarget;
			buildConfigurationList = 980A4AE724757E5300148FBD /* Build configuration list for PBXNativeTarget "yahn" */;
			buildPhases = (
				64DF2523E17586AF80917761 /* [CP] Check Pods Manifest.lock */,
				980A4AB924757E5100148FBD /* Sources */,
				980A4ABA24757E5100148FBD /* Frameworks */,
				980A4ABB24757E5100148FBD /* Resources */,
				A0346513474D1DC95FC72A80 /* [CP] Embed Pods Frameworks */,
			);
			buildRules = (
			);
			dependencies = (
			);
			name = yahn;
			productName = yahn;
			productReference = 980A4ABD24757E5100148FBD /* yahn.app */;
			productType = "com.apple.product-type.application";
		};
		980A4AD224757E5300148FBD /* yahnTests */ = {
			isa = PBXNativeTarget;
			buildConfigurationList = 980A4AEA24757E5300148FBD /* Build configuration list for PBXNativeTarget "yahnTests" */;
			buildPhases = (
				9B16404BBF3B1108B72DB223 /* [CP] Check Pods Manifest.lock */,
				980A4ACF24757E5300148FBD /* Sources */,
				980A4AD024757E5300148FBD /* Frameworks */,
				980A4AD124757E5300148FBD /* Resources */,
			);
			buildRules = (
			);
			dependencies = (
				980A4AD524757E5300148FBD /* PBXTargetDependency */,
			);
			name = yahnTests;
			productName = yahnTests;
			productReference = 980A4AD324757E5300148FBD /* yahnTests.xctest */;
			productType = "com.apple.product-type.bundle.unit-test";
		};
		980A4ADD24757E5300148FBD /* yahnUITests */ = {
			isa = PBXNativeTarget;
			buildConfigurationList = 980A4AED24757E5300148FBD /* Build configuration list for PBXNativeTarget "yahnUITests" */;
			buildPhases = (
				9EF9073A468055C58D420729 /* [CP] Check Pods Manifest.lock */,
				980A4ADA24757E5300148FBD /* Sources */,
				980A4ADB24757E5300148FBD /* Frameworks */,
				980A4ADC24757E5300148FBD /* Resources */,
			);
			buildRules = (
			);
			dependencies = (
				980A4AE024757E5300148FBD /* PBXTargetDependency */,
			);
			name = yahnUITests;
			productName = yahnUITests;
			productReference = 980A4ADE24757E5300148FBD /* yahnUITests.xctest */;
			productType = "com.apple.product-type.bundle.ui-testing";
		};
/* End PBXNativeTarget section */

/* Begin PBXProject section */
		980A4AB524757E5100148FBD /* Project object */ = {
			isa = PBXProject;
			attributes = {
				LastSwiftUpdateCheck = 1130;
				LastUpgradeCheck = 1130;
				ORGANIZATIONNAME = "Faiz Mokhtar";
				TargetAttributes = {
					980A4ABC24757E5100148FBD = {
						CreatedOnToolsVersion = 11.3.1;
					};
					980A4AD224757E5300148FBD = {
						CreatedOnToolsVersion = 11.3.1;
						TestTargetID = 980A4ABC24757E5100148FBD;
					};
					980A4ADD24757E5300148FBD = {
						CreatedOnToolsVersion = 11.3.1;
						TestTargetID = 980A4ABC24757E5100148FBD;
					};
				};
			};
			buildConfigurationList = 980A4AB824757E5100148FBD /* Build configuration list for PBXProject "yahn" */;
			compatibilityVersion = "Xcode 9.3";
			developmentRegion = en;
			hasScannedForEncodings = 0;
			knownRegions = (
				en,
				Base,
			);
			mainGroup = 980A4AB424757E5100148FBD;
			productRefGroup = 980A4ABE24757E5100148FBD /* Products */;
			projectDirPath = "";
			projectRoot = "";
			targets = (
				980A4ABC24757E5100148FBD /* yahn */,
				980A4AD224757E5300148FBD /* yahnTests */,
				980A4ADD24757E5300148FBD /* yahnUITests */,
			);
		};
/* End PBXProject section */

/* Begin PBXResourcesBuildPhase section */
		980A4ABB24757E5100148FBD /* Resources */ = {
			isa = PBXResourcesBuildPhase;
			buildActionMask = 2147483647;
			files = (
				980A4ACD24757E5200148FBD /* LaunchScreen.storyboard in Resources */,
				980A4ACA24757E5200148FBD /* Preview Assets.xcassets in Resources */,
				980A4AC724757E5200148FBD /* Assets.xcassets in Resources */,
			);
			runOnlyForDeploymentPostprocessing = 0;
		};
		980A4AD124757E5300148FBD /* Resources */ = {
			isa = PBXResourcesBuildPhase;
			buildActionMask = 2147483647;
			files = (
			);
			runOnlyForDeploymentPostprocessing = 0;
		};
		980A4ADC24757E5300148FBD /* Resources */ = {
			isa = PBXResourcesBuildPhase;
			buildActionMask = 2147483647;
			files = (
			);
			runOnlyForDeploymentPostprocessing = 0;
		};
/* End PBXResourcesBuildPhase section */

/* Begin PBXShellScriptBuildPhase section */
		64DF2523E17586AF80917761 /* [CP] Check Pods Manifest.lock */ = {
			isa = PBXShellScriptBuildPhase;
			buildActionMask = 2147483647;
			files = (
			);
			inputFileListPaths = (
			);
			inputPaths = (
				"${PODS_PODFILE_DIR_PATH}/Podfile.lock",
				"${PODS_ROOT}/Manifest.lock",
			);
			name = "[CP] Check Pods Manifest.lock";
			outputFileListPaths = (
			);
			outputPaths = (
				"$(DERIVED_FILE_DIR)/Pods-yahn-checkManifestLockResult.txt",
			);
			runOnlyForDeploymentPostprocessing = 0;
			shellPath = /bin/sh;
			shellScript = "diff \"${PODS_PODFILE_DIR_PATH}/Podfile.lock\" \"${PODS_ROOT}/Manifest.lock\" > /dev/null\nif [ $? != 0 ] ; then\n    # print error to STDERR\n    echo \"error: The sandbox is not in sync with the Podfile.lock. Run 'pod install' or update your CocoaPods installation.\" >&2\n    exit 1\nfi\n# This output is used by Xcode 'outputs' to avoid re-running this script phase.\necho \"SUCCESS\" > \"${SCRIPT_OUTPUT_FILE_0}\"\n";
			showEnvVarsInLog = 0;
		};
		9B16404BBF3B1108B72DB223 /* [CP] Check Pods Manifest.lock */ = {
			isa = PBXShellScriptBuildPhase;
			buildActionMask = 2147483647;
			files = (
			);
			inputFileListPaths = (
			);
			inputPaths = (
				"${PODS_PODFILE_DIR_PATH}/Podfile.lock",
				"${PODS_ROOT}/Manifest.lock",
			);
			name = "[CP] Check Pods Manifest.lock";
			outputFileListPaths = (
			);
			outputPaths = (
				"$(DERIVED_FILE_DIR)/Pods-yahnTests-checkManifestLockResult.txt",
			);
			runOnlyForDeploymentPostprocessing = 0;
			shellPath = /bin/sh;
			shellScript = "diff \"${PODS_PODFILE_DIR_PATH}/Podfile.lock\" \"${PODS_ROOT}/Manifest.lock\" > /dev/null\nif [ $? != 0 ] ; then\n    # print error to STDERR\n    echo \"error: The sandbox is not in sync with the Podfile.lock. Run 'pod install' or update your CocoaPods installation.\" >&2\n    exit 1\nfi\n# This output is used by Xcode 'outputs' to avoid re-running this script phase.\necho \"SUCCESS\" > \"${SCRIPT_OUTPUT_FILE_0}\"\n";
			showEnvVarsInLog = 0;
		};
		9EF9073A468055C58D420729 /* [CP] Check Pods Manifest.lock */ = {
			isa = PBXShellScriptBuildPhase;
			buildActionMask = 2147483647;
			files = (
			);
			inputFileListPaths = (
			);
			inputPaths = (
				"${PODS_PODFILE_DIR_PATH}/Podfile.lock",
				"${PODS_ROOT}/Manifest.lock",
			);
			name = "[CP] Check Pods Manifest.lock";
			outputFileListPaths = (
			);
			outputPaths = (
				"$(DERIVED_FILE_DIR)/Pods-yahnUITests-checkManifestLockResult.txt",
			);
			runOnlyForDeploymentPostprocessing = 0;
			shellPath = /bin/sh;
			shellScript = "diff \"${PODS_PODFILE_DIR_PATH}/Podfile.lock\" \"${PODS_ROOT}/Manifest.lock\" > /dev/null\nif [ $? != 0 ] ; then\n    # print error to STDERR\n    echo \"error: The sandbox is not in sync with the Podfile.lock. Run 'pod install' or update your CocoaPods installation.\" >&2\n    exit 1\nfi\n# This output is used by Xcode 'outputs' to avoid re-running this script phase.\necho \"SUCCESS\" > \"${SCRIPT_OUTPUT_FILE_0}\"\n";
			showEnvVarsInLog = 0;
		};
		A0346513474D1DC95FC72A80 /* [CP] Embed Pods Frameworks */ = {
			isa = PBXShellScriptBuildPhase;
			buildActionMask = 2147483647;
			files = (
			);
			inputFileListPaths = (
				"${PODS_ROOT}/Target Support Files/Pods-yahn/Pods-yahn-frameworks-${CONFIGURATION}-input-files.xcfilelist",
			);
			name = "[CP] Embed Pods Frameworks";
			outputFileListPaths = (
				"${PODS_ROOT}/Target Support Files/Pods-yahn/Pods-yahn-frameworks-${CONFIGURATION}-output-files.xcfilelist",
			);
			runOnlyForDeploymentPostprocessing = 0;
			shellPath = /bin/sh;
			shellScript = "\"${PODS_ROOT}/Target Support Files/Pods-yahn/Pods-yahn-frameworks.sh\"\n";
			showEnvVarsInLog = 0;
		};
/* End PBXShellScriptBuildPhase section */

/* Begin PBXSourcesBuildPhase section */
		980A4AB924757E5100148FBD /* Sources */ = {
			isa = PBXSourcesBuildPhase;
			buildActionMask = 2147483647;
			files = (
				98905BA424798D6E003BB6C6 /* CommentsViewModel.swift in Sources */,
				988A63552476C9B900FFDC6B /* Story.swift in Sources */,
				984544682477950B00B4AD83 /* SecondaryButtonStyle.swift in Sources */,
				9845446C24779C8400B4AD83 /* SafariView.swift in Sources */,
				980A4AFB2475980800148FBD /* StoryView.swift in Sources */,
				980A4AF424758ECC00148FBD /* StoriesViewModel.swift in Sources */,
				9845446524778C6F00B4AD83 /* Color+Extensions.swift in Sources */,
				98905BA224798CC8003BB6C6 /* CommentsView.swift in Sources */,
				98905BA624798EBD003BB6C6 /* Comment.swift in Sources */,
				980A4AF224758EB400148FBD /* StoriesView.swift in Sources */,
				98905BAA2479FD92003BB6C6 /* HeaderView.swift in Sources */,
				980A4AC124757E5100148FBD /* AppDelegate.swift in Sources */,
				980A4AC324757E5100148FBD /* SceneDelegate.swift in Sources */,
				98905BA824799443003BB6C6 /* CommentView.swift in Sources */,
				980A4AF7247590EC00148FBD /* HNWorker.swift in Sources */,
			);
			runOnlyForDeploymentPostprocessing = 0;
		};
		980A4ACF24757E5300148FBD /* Sources */ = {
			isa = PBXSourcesBuildPhase;
			buildActionMask = 2147483647;
			files = (
				980A4AD824757E5300148FBD /* yahnTests.swift in Sources */,
			);
			runOnlyForDeploymentPostprocessing = 0;
		};
		980A4ADA24757E5300148FBD /* Sources */ = {
			isa = PBXSourcesBuildPhase;
			buildActionMask = 2147483647;
			files = (
				980A4AE324757E5300148FBD /* yahnUITests.swift in Sources */,
			);
			runOnlyForDeploymentPostprocessing = 0;
		};
/* End PBXSourcesBuildPhase section */

/* Begin PBXTargetDependency section */
		980A4AD524757E5300148FBD /* PBXTargetDependency */ = {
			isa = PBXTargetDependency;
			target = 980A4ABC24757E5100148FBD /* yahn */;
			targetProxy = 980A4AD424757E5300148FBD /* PBXContainerItemProxy */;
		};
		980A4AE024757E5300148FBD /* PBXTargetDependency */ = {
			isa = PBXTargetDependency;
			target = 980A4ABC24757E5100148FBD /* yahn */;
			targetProxy = 980A4ADF24757E5300148FBD /* PBXContainerItemProxy */;
		};
/* End PBXTargetDependency section */

/* Begin PBXVariantGroup section */
		980A4ACB24757E5200148FBD /* LaunchScreen.storyboard */ = {
			isa = PBXVariantGroup;
			children = (
				980A4ACC24757E5200148FBD /* Base */,
			);
			name = LaunchScreen.storyboard;
			sourceTree = "<group>";
		};
/* End PBXVariantGroup section */

/* Begin XCBuildConfiguration section */
		980A4AE524757E5300148FBD /* Debug */ = {
			isa = XCBuildConfiguration;
			buildSettings = {
				ALWAYS_SEARCH_USER_PATHS = NO;
				CLANG_ANALYZER_NONNULL = YES;
				CLANG_ANALYZER_NUMBER_OBJECT_CONVERSION = YES_AGGRESSIVE;
				CLANG_CXX_LANGUAGE_STANDARD = "gnu++14";
				CLANG_CXX_LIBRARY = "libc++";
				CLANG_ENABLE_MODULES = YES;
				CLANG_ENABLE_OBJC_ARC = YES;
				CLANG_ENABLE_OBJC_WEAK = YES;
				CLANG_WARN_BLOCK_CAPTURE_AUTORELEASING = YES;
				CLANG_WARN_BOOL_CONVERSION = YES;
				CLANG_WARN_COMMA = YES;
				CLANG_WARN_CONSTANT_CONVERSION = YES;
				CLANG_WARN_DEPRECATED_OBJC_IMPLEMENTATIONS = YES;
				CLANG_WARN_DIRECT_OBJC_ISA_USAGE = YES_ERROR;
				CLANG_WARN_DOCUMENTATION_COMMENTS = YES;
				CLANG_WARN_EMPTY_BODY = YES;
				CLANG_WARN_ENUM_CONVERSION = YES;
				CLANG_WARN_INFINITE_RECURSION = YES;
				CLANG_WARN_INT_CONVERSION = YES;
				CLANG_WARN_NON_LITERAL_NULL_CONVERSION = YES;
				CLANG_WARN_OBJC_IMPLICIT_RETAIN_SELF = YES;
				CLANG_WARN_OBJC_LITERAL_CONVERSION = YES;
				CLANG_WARN_OBJC_ROOT_CLASS = YES_ERROR;
				CLANG_WARN_RANGE_LOOP_ANALYSIS = YES;
				CLANG_WARN_STRICT_PROTOTYPES = YES;
				CLANG_WARN_SUSPICIOUS_MOVE = YES;
				CLANG_WARN_UNGUARDED_AVAILABILITY = YES_AGGRESSIVE;
				CLANG_WARN_UNREACHABLE_CODE = YES;
				CLANG_WARN__DUPLICATE_METHOD_MATCH = YES;
				COPY_PHASE_STRIP = NO;
				DEBUG_INFORMATION_FORMAT = dwarf;
				ENABLE_STRICT_OBJC_MSGSEND = YES;
				ENABLE_TESTABILITY = YES;
				GCC_C_LANGUAGE_STANDARD = gnu11;
				GCC_DYNAMIC_NO_PIC = NO;
				GCC_NO_COMMON_BLOCKS = YES;
				GCC_OPTIMIZATION_LEVEL = 0;
				GCC_PREPROCESSOR_DEFINITIONS = (
					"DEBUG=1",
					"$(inherited)",
				);
				GCC_WARN_64_TO_32_BIT_CONVERSION = YES;
				GCC_WARN_ABOUT_RETURN_TYPE = YES_ERROR;
				GCC_WARN_UNDECLARED_SELECTOR = YES;
				GCC_WARN_UNINITIALIZED_AUTOS = YES_AGGRESSIVE;
				GCC_WARN_UNUSED_FUNCTION = YES;
				GCC_WARN_UNUSED_VARIABLE = YES;
				IPHONEOS_DEPLOYMENT_TARGET = 13.2;
				MTL_ENABLE_DEBUG_INFO = INCLUDE_SOURCE;
				MTL_FAST_MATH = YES;
				ONLY_ACTIVE_ARCH = YES;
				SDKROOT = iphoneos;
				SWIFT_ACTIVE_COMPILATION_CONDITIONS = DEBUG;
				SWIFT_OPTIMIZATION_LEVEL = "-Onone";
			};
			name = Debug;
		};
		980A4AE624757E5300148FBD /* Release */ = {
			isa = XCBuildConfiguration;
			buildSettings = {
				ALWAYS_SEARCH_USER_PATHS = NO;
				CLANG_ANALYZER_NONNULL = YES;
				CLANG_ANALYZER_NUMBER_OBJECT_CONVERSION = YES_AGGRESSIVE;
				CLANG_CXX_LANGUAGE_STANDARD = "gnu++14";
				CLANG_CXX_LIBRARY = "libc++";
				CLANG_ENABLE_MODULES = YES;
				CLANG_ENABLE_OBJC_ARC = YES;
				CLANG_ENABLE_OBJC_WEAK = YES;
				CLANG_WARN_BLOCK_CAPTURE_AUTORELEASING = YES;
				CLANG_WARN_BOOL_CONVERSION = YES;
				CLANG_WARN_COMMA = YES;
				CLANG_WARN_CONSTANT_CONVERSION = YES;
				CLANG_WARN_DEPRECATED_OBJC_IMPLEMENTATIONS = YES;
				CLANG_WARN_DIRECT_OBJC_ISA_USAGE = YES_ERROR;
				CLANG_WARN_DOCUMENTATION_COMMENTS = YES;
				CLANG_WARN_EMPTY_BODY = YES;
				CLANG_WARN_ENUM_CONVERSION = YES;
				CLANG_WARN_INFINITE_RECURSION = YES;
				CLANG_WARN_INT_CONVERSION = YES;
				CLANG_WARN_NON_LITERAL_NULL_CONVERSION = YES;
				CLANG_WARN_OBJC_IMPLICIT_RETAIN_SELF = YES;
				CLANG_WARN_OBJC_LITERAL_CONVERSION = YES;
				CLANG_WARN_OBJC_ROOT_CLASS = YES_ERROR;
				CLANG_WARN_RANGE_LOOP_ANALYSIS = YES;
				CLANG_WARN_STRICT_PROTOTYPES = YES;
				CLANG_WARN_SUSPICIOUS_MOVE = YES;
				CLANG_WARN_UNGUARDED_AVAILABILITY = YES_AGGRESSIVE;
				CLANG_WARN_UNREACHABLE_CODE = YES;
				CLANG_WARN__DUPLICATE_METHOD_MATCH = YES;
				COPY_PHASE_STRIP = NO;
				DEBUG_INFORMATION_FORMAT = "dwarf-with-dsym";
				ENABLE_NS_ASSERTIONS = NO;
				ENABLE_STRICT_OBJC_MSGSEND = YES;
				GCC_C_LANGUAGE_STANDARD = gnu11;
				GCC_NO_COMMON_BLOCKS = YES;
				GCC_WARN_64_TO_32_BIT_CONVERSION = YES;
				GCC_WARN_ABOUT_RETURN_TYPE = YES_ERROR;
				GCC_WARN_UNDECLARED_SELECTOR = YES;
				GCC_WARN_UNINITIALIZED_AUTOS = YES_AGGRESSIVE;
				GCC_WARN_UNUSED_FUNCTION = YES;
				GCC_WARN_UNUSED_VARIABLE = YES;
				IPHONEOS_DEPLOYMENT_TARGET = 13.2;
				MTL_ENABLE_DEBUG_INFO = NO;
				MTL_FAST_MATH = YES;
				SDKROOT = iphoneos;
				SWIFT_COMPILATION_MODE = wholemodule;
				SWIFT_OPTIMIZATION_LEVEL = "-O";
				VALIDATE_PRODUCT = YES;
			};
			name = Release;
		};
		980A4AE824757E5300148FBD /* Debug */ = {
			isa = XCBuildConfiguration;
			baseConfigurationReference = C48FE56132D18AF60870F6F3 /* Pods-yahn.debug.xcconfig */;
			buildSettings = {
				ASSETCATALOG_COMPILER_APPICON_NAME = AppIcon;
				CODE_SIGN_STYLE = Automatic;
				CURRENT_PROJECT_VERSION = 3;
				DEVELOPMENT_ASSET_PATHS = "\"yahn/Preview Content\"";
				DEVELOPMENT_TEAM = 96ZJY6AYCD;
				ENABLE_PREVIEWS = YES;
				INFOPLIST_FILE = yahn/Info.plist;
				LD_RUNPATH_SEARCH_PATHS = (
					"$(inherited)",
					"@executable_path/Frameworks",
				);
				MARKETING_VERSION = 2.0.0;
				PRODUCT_BUNDLE_IDENTIFIER = com.faizmokhtar.yahackernews;
				PRODUCT_NAME = "$(TARGET_NAME)";
				SWIFT_VERSION = 5.0;
				TARGETED_DEVICE_FAMILY = "1,2";
			};
			name = Debug;
		};
		980A4AE924757E5300148FBD /* Release */ = {
			isa = XCBuildConfiguration;
			baseConfigurationReference = ABFDB0E0701BFD98322F6308 /* Pods-yahn.release.xcconfig */;
			buildSettings = {
				ASSETCATALOG_COMPILER_APPICON_NAME = AppIcon;
				CODE_SIGN_STYLE = Automatic;
				CURRENT_PROJECT_VERSION = 3;
				DEVELOPMENT_ASSET_PATHS = "\"yahn/Preview Content\"";
				DEVELOPMENT_TEAM = 96ZJY6AYCD;
				ENABLE_PREVIEWS = YES;
				INFOPLIST_FILE = yahn/Info.plist;
				LD_RUNPATH_SEARCH_PATHS = (
					"$(inherited)",
					"@executable_path/Frameworks",
				);
				MARKETING_VERSION = 2.0.0;
				PRODUCT_BUNDLE_IDENTIFIER = com.faizmokhtar.yahackernews;
				PRODUCT_NAME = "$(TARGET_NAME)";
				SWIFT_VERSION = 5.0;
				TARGETED_DEVICE_FAMILY = "1,2";
			};
			name = Release;
		};
		980A4AEB24757E5300148FBD /* Debug */ = {
			isa = XCBuildConfiguration;
			baseConfigurationReference = 12A625907A3558557368E579 /* Pods-yahnTests.debug.xcconfig */;
			buildSettings = {
				ALWAYS_EMBED_SWIFT_STANDARD_LIBRARIES = YES;
				BUNDLE_LOADER = "$(TEST_HOST)";
				CODE_SIGN_STYLE = Automatic;
				DEVELOPMENT_TEAM = 96ZJY6AYCD;
				INFOPLIST_FILE = yahnTests/Info.plist;
				IPHONEOS_DEPLOYMENT_TARGET = 13.2;
				LD_RUNPATH_SEARCH_PATHS = (
					"$(inherited)",
					"@executable_path/Frameworks",
					"@loader_path/Frameworks",
				);
				PRODUCT_BUNDLE_IDENTIFIER = com.faizmokhtar.yahnTests;
				PRODUCT_NAME = "$(TARGET_NAME)";
				SWIFT_VERSION = 5.0;
				TARGETED_DEVICE_FAMILY = "1,2";
				TEST_HOST = "$(BUILT_PRODUCTS_DIR)/yahn.app/yahn";
			};
			name = Debug;
		};
		980A4AEC24757E5300148FBD /* Release */ = {
			isa = XCBuildConfiguration;
			baseConfigurationReference = 1B2B533A54BE0BF84F1AC0AA /* Pods-yahnTests.release.xcconfig */;
			buildSettings = {
				ALWAYS_EMBED_SWIFT_STANDARD_LIBRARIES = YES;
				BUNDLE_LOADER = "$(TEST_HOST)";
				CODE_SIGN_STYLE = Automatic;
				DEVELOPMENT_TEAM = 96ZJY6AYCD;
				INFOPLIST_FILE = yahnTests/Info.plist;
				IPHONEOS_DEPLOYMENT_TARGET = 13.2;
				LD_RUNPATH_SEARCH_PATHS = (
					"$(inherited)",
					"@executable_path/Frameworks",
					"@loader_path/Frameworks",
				);
				PRODUCT_BUNDLE_IDENTIFIER = com.faizmokhtar.yahnTests;
				PRODUCT_NAME = "$(TARGET_NAME)";
				SWIFT_VERSION = 5.0;
				TARGETED_DEVICE_FAMILY = "1,2";
				TEST_HOST = "$(BUILT_PRODUCTS_DIR)/yahn.app/yahn";
			};
			name = Release;
		};
		980A4AEE24757E5300148FBD /* Debug */ = {
			isa = XCBuildConfiguration;
			baseConfigurationReference = 9CADC085D20E11FD93F98921 /* Pods-yahnUITests.debug.xcconfig */;
			buildSettings = {
				ALWAYS_EMBED_SWIFT_STANDARD_LIBRARIES = YES;
				CODE_SIGN_STYLE = Automatic;
				DEVELOPMENT_TEAM = 96ZJY6AYCD;
				INFOPLIST_FILE = yahnUITests/Info.plist;
				LD_RUNPATH_SEARCH_PATHS = (
					"$(inherited)",
					"@executable_path/Frameworks",
					"@loader_path/Frameworks",
				);
				PRODUCT_BUNDLE_IDENTIFIER = com.faizmokhtar.yahnUITests;
				PRODUCT_NAME = "$(TARGET_NAME)";
				SWIFT_VERSION = 5.0;
				TARGETED_DEVICE_FAMILY = "1,2";
				TEST_TARGET_NAME = yahn;
			};
			name = Debug;
		};
		980A4AEF24757E5300148FBD /* Release */ = {
			isa = XCBuildConfiguration;
			baseConfigurationReference = CB6B3F5545A1642A1463D514 /* Pods-yahnUITests.release.xcconfig */;
			buildSettings = {
				ALWAYS_EMBED_SWIFT_STANDARD_LIBRARIES = YES;
				CODE_SIGN_STYLE = Automatic;
				DEVELOPMENT_TEAM = 96ZJY6AYCD;
				INFOPLIST_FILE = yahnUITests/Info.plist;
				LD_RUNPATH_SEARCH_PATHS = (
					"$(inherited)",
					"@executable_path/Frameworks",
					"@loader_path/Frameworks",
				);
				PRODUCT_BUNDLE_IDENTIFIER = com.faizmokhtar.yahnUITests;
				PRODUCT_NAME = "$(TARGET_NAME)";
				SWIFT_VERSION = 5.0;
				TARGETED_DEVICE_FAMILY = "1,2";
				TEST_TARGET_NAME = yahn;
			};
			name = Release;
		};
/* End XCBuildConfiguration section */

/* Begin XCConfigurationList section */
		980A4AB824757E5100148FBD /* Build configuration list for PBXProject "yahn" */ = {
			isa = XCConfigurationList;
			buildConfigurations = (
				980A4AE524757E5300148FBD /* Debug */,
				980A4AE624757E5300148FBD /* Release */,
			);
			defaultConfigurationIsVisible = 0;
			defaultConfigurationName = Release;
		};
		980A4AE724757E5300148FBD /* Build configuration list for PBXNativeTarget "yahn" */ = {
			isa = XCConfigurationList;
			buildConfigurations = (
				980A4AE824757E5300148FBD /* Debug */,
				980A4AE924757E5300148FBD /* Release */,
			);
			defaultConfigurationIsVisible = 0;
			defaultConfigurationName = Release;
		};
		980A4AEA24757E5300148FBD /* Build configuration list for PBXNativeTarget "yahnTests" */ = {
			isa = XCConfigurationList;
			buildConfigurations = (
				980A4AEB24757E5300148FBD /* Debug */,
				980A4AEC24757E5300148FBD /* Release */,
			);
			defaultConfigurationIsVisible = 0;
			defaultConfigurationName = Release;
		};
		980A4AED24757E5300148FBD /* Build configuration list for PBXNativeTarget "yahnUITests" */ = {
			isa = XCConfigurationList;
			buildConfigurations = (
				980A4AEE24757E5300148FBD /* Debug */,
				980A4AEF24757E5300148FBD /* Release */,
			);
			defaultConfigurationIsVisible = 0;
			defaultConfigurationName = Release;
		};
/* End XCConfigurationList section */
	};
	rootObject = 980A4AB524757E5100148FBD /* Project object */;
}
